
Microsoft Visual Studio Solution File, Format Version 12.00
# Visual Studio Version 16
VisualStudioVersion = 16.0.30309.148
MinimumVisualStudioVersion = 10.0.40219.1
Project("{00D1A9C2-B5F0-4AF3-8072-F6C62B433612}") = "AutomatedDatabaseChanges", "AutomatedDatabaseChanges.sqlproj", "{39B809DD-832F-4BB9-A934-EDC295E053D2}"
EndProject
Global
	GlobalSection(SolutionConfigurationPlatforms) = preSolution
		Debug|Any CPU = Debug|Any CPU
		Release|Any CPU = Release|Any CPU
	EndGlobalSection
	GlobalSection(ProjectConfigurationPlatforms) = postSolution
		{39B809DD-832F-4BB9-A934-EDC295E053D2}.Debug|Any CPU.ActiveCfg = Debug|Any CPU
		{39B809DD-832F-4BB9-A934-EDC295E053D2}.Debug|Any CPU.Build.0 = Debug|Any CPU
		{39B809DD-832F-4BB9-A934-EDC295E053D2}.Debug|Any CPU.Deploy.0 = Debug|Any CPU
		{39B809DD-832F-4BB9-A934-EDC295E053D2}.Release|Any CPU.ActiveCfg = Release|Any CPU
		{39B809DD-832F-4BB9-A934-EDC295E053D2}.Release|Any CPU.Build.0 = Release|Any CPU
		{39B809DD-832F-4BB9-A934-EDC295E053D2}.Release|Any CPU.Deploy.0 = Release|Any CPU
	EndGlobalSection
	GlobalSection(SolutionProperties) = preSolution
		HideSolutionNode = FALSE
	EndGlobalSection
	GlobalSection(ExtensibilityGlobals) = postSolution
		SolutionGuid = {AC4AC8D1-5FB4-432C-868C-402DF3651288}
	EndGlobalSection
EndGlobal
